// !$*UTF8*$!
{
	archiveVersion = 1;
	classes = {
	};
	objectVersion = 46;
	objects = {

/* Begin PBXBuildFile section */
		1819E60417981AEC00AF37B9 /* SenTestingKit.framework in Frameworks */ = {isa = PBXBuildFile; fileRef = 1819E60317981AEC00AF37B9 /* SenTestingKit.framework */; };
		1819E60517981AEC00AF37B9 /* Foundation.framework in Frameworks */ = {isa = PBXBuildFile; fileRef = 187507AD179817CB00463B60 /* Foundation.framework */; };
		1819E60617981AEC00AF37B9 /* UIKit.framework in Frameworks */ = {isa = PBXBuildFile; fileRef = 187507AB179817CB00463B60 /* UIKit.framework */; };
		1819E60C17981AED00AF37B9 /* InfoPlist.strings in Resources */ = {isa = PBXBuildFile; fileRef = 1819E60A17981AED00AF37B9 /* InfoPlist.strings */; };
		1819E60E17981AED00AF37B9 /* PLVisualAttributeConstraintsTests.m in Sources */ = {isa = PBXBuildFile; fileRef = 1819E60D17981AED00AF37B9 /* PLVisualAttributeConstraintsTests.m */; };
		187507AC179817CB00463B60 /* UIKit.framework in Frameworks */ = {isa = PBXBuildFile; fileRef = 187507AB179817CB00463B60 /* UIKit.framework */; };
		187507AE179817CB00463B60 /* Foundation.framework in Frameworks */ = {isa = PBXBuildFile; fileRef = 187507AD179817CB00463B60 /* Foundation.framework */; };
		187507B0179817CB00463B60 /* CoreGraphics.framework in Frameworks */ = {isa = PBXBuildFile; fileRef = 187507AF179817CB00463B60 /* CoreGraphics.framework */; };
		187507B6179817CC00463B60 /* InfoPlist.strings in Resources */ = {isa = PBXBuildFile; fileRef = 187507B4179817CC00463B60 /* InfoPlist.strings */; };
		187507B8179817CC00463B60 /* main.m in Sources */ = {isa = PBXBuildFile; fileRef = 187507B7179817CC00463B60 /* main.m */; };
		187507BC179817CC00463B60 /* PLAppDelegate.m in Sources */ = {isa = PBXBuildFile; fileRef = 187507BB179817CC00463B60 /* PLAppDelegate.m */; };
		187507BE179817CC00463B60 /* Default.png in Resources */ = {isa = PBXBuildFile; fileRef = 187507BD179817CC00463B60 /* Default.png */; };
		187507C0179817CC00463B60 /* Default@2x.png in Resources */ = {isa = PBXBuildFile; fileRef = 187507BF179817CC00463B60 /* Default@2x.png */; };
		187507C2179817CC00463B60 /* Default-568h@2x.png in Resources */ = {isa = PBXBuildFile; fileRef = 187507C1179817CC00463B60 /* Default-568h@2x.png */; };
		18F8DEDE179D6702008E80EB /* CoreGraphics.framework in Frameworks */ = {isa = PBXBuildFile; fileRef = 187507AF179817CB00463B60 /* CoreGraphics.framework */; };
		611860F1739E56902F1A8EA1 /* PLDemoView.m in Sources */ = {isa = PBXBuildFile; fileRef = 61186FD6FA4F0A1054BA4DC4 /* PLDemoView.m */; };
		61186128ABC267F2A6C10003 /* PLAttributeConstraintVisualFormatParser.m in Sources */ = {isa = PBXBuildFile; fileRef = 61186E2B5452EDFD5BD658B4 /* PLAttributeConstraintVisualFormatParser.m */; };
		611863EF25E4E1AFA0293E6B /* PLAttributeConstraintVisualFormatLexerSpec.m in Sources */ = {isa = PBXBuildFile; fileRef = 6118614CDE22B4C756927FFB /* PLAttributeConstraintVisualFormatLexerSpec.m */; };
		611864511F588104396599DB /* PLAttributeConstraintVisualFormatParserSpec.m in Sources */ = {isa = PBXBuildFile; fileRef = 611862783E0CF10DE06133C0 /* PLAttributeConstraintVisualFormatParserSpec.m */; };
		61186492C1DC11ADDAAC449C /* PLConstraintLayoutAttributeMapper.m in Sources */ = {isa = PBXBuildFile; fileRef = 611868A1CDD645EA87D7683F /* PLConstraintLayoutAttributeMapper.m */; };
		611865C62EBC16D484C3277F /* guy.png in Resources */ = {isa = PBXBuildFile; fileRef = 61186BF296D494DA1769F06E /* guy.png */; };
		6118662A2FB548A6BE60C7F9 /* PLAttributeConstraintVisualFormatLibSpec.m in Sources */ = {isa = PBXBuildFile; fileRef = 6118691DA33897632C77FB3A /* PLAttributeConstraintVisualFormatLibSpec.m */; };
		6118665960EF3D6E0B0E5CB2 /* PLDemoViewController.m in Sources */ = {isa = PBXBuildFile; fileRef = 6118607F0A996255199584AE /* PLDemoViewController.m */; };
		611866B0710CB360AE037DBB /* PLAttributeConstraintVisualFormatLibSpecHelpers.m in Sources */ = {isa = PBXBuildFile; fileRef = 611868AF4426567136A87BD8 /* PLAttributeConstraintVisualFormatLibSpecHelpers.m */; };
		611869F38490CC8EC57CB1FB /* NSLayoutConstraint+PLVisualAttributeConstraints.m in Sources */ = {isa = PBXBuildFile; fileRef = 6118670AE8B3944480A8A542 /* NSLayoutConstraint+PLVisualAttributeConstraints.m */; };
		61186AA928350DAF7C52B35C /* PLAttributeConstraintVisualFormatLexerSpecHelpers.m in Sources */ = {isa = PBXBuildFile; fileRef = 61186469404B727B19CE9B9A /* PLAttributeConstraintVisualFormatLexerSpecHelpers.m */; };
		61186D7906FB7C4712720270 /* PLAttributeConstraintVisualFormatLexer.m in Sources */ = {isa = PBXBuildFile; fileRef = 6118651854C307DE26451D2C /* PLAttributeConstraintVisualFormatLexer.m */; };
		61186E70328BDB75B2DFCCD9 /* PLAttributeConstraintVisualFormatLexerStub.m in Sources */ = {isa = PBXBuildFile; fileRef = 6118689472BBEED88CE4CDB9 /* PLAttributeConstraintVisualFormatLexerStub.m */; };
		61186F2805ABD2778EEC6A30 /* PLAttributeConstraintVisualFormatAtom.m in Sources */ = {isa = PBXBuildFile; fileRef = 61186F17EF99C99E9AC3B308 /* PLAttributeConstraintVisualFormatAtom.m */; };
		F319C197F98A4708A971ED22 /* libPods-PLVisualAttributeConstraintsTests.a in Frameworks */ = {isa = PBXBuildFile; fileRef = 14691F7423784F9BAC177E3B /* libPods-PLVisualAttributeConstraintsTests.a */; };
/* End PBXBuildFile section */

/* Begin PBXContainerItemProxy section */
		1819E61017981AED00AF37B9 /* PBXContainerItemProxy */ = {
			isa = PBXContainerItemProxy;
			containerPortal = 187507A0179817CB00463B60 /* Project object */;
			proxyType = 1;
			remoteGlobalIDString = 187507A7179817CB00463B60;
			remoteInfo = PLVisualAttributeConstraints;
		};
/* End PBXContainerItemProxy section */

/* Begin PBXFileReference section */
		14691F7423784F9BAC177E3B /* libPods-PLVisualAttributeConstraintsTests.a */ = {isa = PBXFileReference; explicitFileType = archive.ar; includeInIndex = 0; path = "libPods-PLVisualAttributeConstraintsTests.a"; sourceTree = BUILT_PRODUCTS_DIR; };
		1819E60217981AEC00AF37B9 /* PLVisualAttributeConstraintsTests.octest */ = {isa = PBXFileReference; explicitFileType = wrapper.cfbundle; includeInIndex = 0; path = PLVisualAttributeConstraintsTests.octest; sourceTree = BUILT_PRODUCTS_DIR; };
		1819E60317981AEC00AF37B9 /* SenTestingKit.framework */ = {isa = PBXFileReference; lastKnownFileType = wrapper.framework; name = SenTestingKit.framework; path = Library/Frameworks/SenTestingKit.framework; sourceTree = DEVELOPER_DIR; };
		1819E60917981AEC00AF37B9 /* PLVisualAttributeConstraintsTests-Info.plist */ = {isa = PBXFileReference; lastKnownFileType = text.plist.xml; path = "PLVisualAttributeConstraintsTests-Info.plist"; sourceTree = "<group>"; };
		1819E60B17981AED00AF37B9 /* en */ = {isa = PBXFileReference; lastKnownFileType = text.plist.strings; name = en; path = en.lproj/InfoPlist.strings; sourceTree = "<group>"; };
		1819E60D17981AED00AF37B9 /* PLVisualAttributeConstraintsTests.m */ = {isa = PBXFileReference; lastKnownFileType = sourcecode.c.objc; path = PLVisualAttributeConstraintsTests.m; sourceTree = "<group>"; };
		1819E60F17981AED00AF37B9 /* PLVisualAttributeConstraintsTests-Prefix.pch */ = {isa = PBXFileReference; lastKnownFileType = sourcecode.c.h; path = "PLVisualAttributeConstraintsTests-Prefix.pch"; sourceTree = "<group>"; };
		187507A8179817CB00463B60 /* PLVisualAttributeConstraints.app */ = {isa = PBXFileReference; explicitFileType = wrapper.application; includeInIndex = 0; path = PLVisualAttributeConstraints.app; sourceTree = BUILT_PRODUCTS_DIR; };
		187507AB179817CB00463B60 /* UIKit.framework */ = {isa = PBXFileReference; lastKnownFileType = wrapper.framework; name = UIKit.framework; path = System/Library/Frameworks/UIKit.framework; sourceTree = SDKROOT; };
		187507AD179817CB00463B60 /* Foundation.framework */ = {isa = PBXFileReference; lastKnownFileType = wrapper.framework; name = Foundation.framework; path = System/Library/Frameworks/Foundation.framework; sourceTree = SDKROOT; };
		187507AF179817CB00463B60 /* CoreGraphics.framework */ = {isa = PBXFileReference; lastKnownFileType = wrapper.framework; name = CoreGraphics.framework; path = System/Library/Frameworks/CoreGraphics.framework; sourceTree = SDKROOT; };
		187507B3179817CB00463B60 /* PLVisualAttributeConstraints-Info.plist */ = {isa = PBXFileReference; lastKnownFileType = text.plist.xml; path = "PLVisualAttributeConstraints-Info.plist"; sourceTree = "<group>"; };
		187507B5179817CC00463B60 /* en */ = {isa = PBXFileReference; lastKnownFileType = text.plist.strings; name = en; path = en.lproj/InfoPlist.strings; sourceTree = "<group>"; };
		187507B7179817CC00463B60 /* main.m */ = {isa = PBXFileReference; lastKnownFileType = sourcecode.c.objc; path = main.m; sourceTree = "<group>"; };
		187507B9179817CC00463B60 /* PLVisualAttributeConstraints-Prefix.pch */ = {isa = PBXFileReference; lastKnownFileType = sourcecode.c.h; path = "PLVisualAttributeConstraints-Prefix.pch"; sourceTree = "<group>"; };
		187507BA179817CC00463B60 /* PLAppDelegate.h */ = {isa = PBXFileReference; lastKnownFileType = sourcecode.c.h; path = PLAppDelegate.h; sourceTree = "<group>"; };
		187507BB179817CC00463B60 /* PLAppDelegate.m */ = {isa = PBXFileReference; lastKnownFileType = sourcecode.c.objc; path = PLAppDelegate.m; sourceTree = "<group>"; };
		187507BD179817CC00463B60 /* Default.png */ = {isa = PBXFileReference; lastKnownFileType = image.png; path = Default.png; sourceTree = "<group>"; };
		187507BF179817CC00463B60 /* Default@2x.png */ = {isa = PBXFileReference; lastKnownFileType = image.png; path = "Default@2x.png"; sourceTree = "<group>"; };
		187507C1179817CC00463B60 /* Default-568h@2x.png */ = {isa = PBXFileReference; lastKnownFileType = image.png; path = "Default-568h@2x.png"; sourceTree = "<group>"; };
		6118607F0A996255199584AE /* PLDemoViewController.m */ = {isa = PBXFileReference; fileEncoding = 4; lastKnownFileType = sourcecode.c.objc; path = PLDemoViewController.m; sourceTree = "<group>"; };
		6118614CDE22B4C756927FFB /* PLAttributeConstraintVisualFormatLexerSpec.m */ = {isa = PBXFileReference; fileEncoding = 4; lastKnownFileType = sourcecode.c.objc; path = PLAttributeConstraintVisualFormatLexerSpec.m; sourceTree = "<group>"; };
		6118620889A964A8C22C69DE /* PLAttributeConstraintVisualFormatLibSpecHelpers.h */ = {isa = PBXFileReference; fileEncoding = 4; lastKnownFileType = sourcecode.c.h; path = PLAttributeConstraintVisualFormatLibSpecHelpers.h; sourceTree = "<group>"; };
		611862783E0CF10DE06133C0 /* PLAttributeConstraintVisualFormatParserSpec.m */ = {isa = PBXFileReference; fileEncoding = 4; lastKnownFileType = sourcecode.c.objc; path = PLAttributeConstraintVisualFormatParserSpec.m; sourceTree = "<group>"; };
		6118628F76B3AE4BDEBD2C99 /* PLAttributeConstraintVisualFormatParser.h */ = {isa = PBXFileReference; fileEncoding = 4; lastKnownFileType = sourcecode.c.h; path = PLAttributeConstraintVisualFormatParser.h; sourceTree = "<group>"; };
		611863D0542D824FFEEA3EA8 /* PLAttributeConstraintVisualFormatLexerSpecHelpers.h */ = {isa = PBXFileReference; fileEncoding = 4; lastKnownFileType = sourcecode.c.h; path = PLAttributeConstraintVisualFormatLexerSpecHelpers.h; sourceTree = "<group>"; };
		61186469404B727B19CE9B9A /* PLAttributeConstraintVisualFormatLexerSpecHelpers.m */ = {isa = PBXFileReference; fileEncoding = 4; lastKnownFileType = sourcecode.c.objc; path = PLAttributeConstraintVisualFormatLexerSpecHelpers.m; sourceTree = "<group>"; };
		611864B7090FBE4608D6397C /* PLDemoViewController.h */ = {isa = PBXFileReference; fileEncoding = 4; lastKnownFileType = sourcecode.c.h; path = PLDemoViewController.h; sourceTree = "<group>"; };
		6118651854C307DE26451D2C /* PLAttributeConstraintVisualFormatLexer.m */ = {isa = PBXFileReference; fileEncoding = 4; lastKnownFileType = sourcecode.c.objc; path = PLAttributeConstraintVisualFormatLexer.m; sourceTree = "<group>"; };
		6118670AE8B3944480A8A542 /* NSLayoutConstraint+PLVisualAttributeConstraints.m */ = {isa = PBXFileReference; fileEncoding = 4; lastKnownFileType = sourcecode.c.objc; path = "NSLayoutConstraint+PLVisualAttributeConstraints.m"; sourceTree = "<group>"; };
		611868320DDE6A6E2203622D /* PLAttributeConstraintVisualFormatAtom.h */ = {isa = PBXFileReference; fileEncoding = 4; lastKnownFileType = sourcecode.c.h; path = PLAttributeConstraintVisualFormatAtom.h; sourceTree = "<group>"; };
		6118689472BBEED88CE4CDB9 /* PLAttributeConstraintVisualFormatLexerStub.m */ = {isa = PBXFileReference; fileEncoding = 4; lastKnownFileType = sourcecode.c.objc; path = PLAttributeConstraintVisualFormatLexerStub.m; sourceTree = "<group>"; };
		611868A1CDD645EA87D7683F /* PLConstraintLayoutAttributeMapper.m */ = {isa = PBXFileReference; fileEncoding = 4; lastKnownFileType = sourcecode.c.objc; path = PLConstraintLayoutAttributeMapper.m; sourceTree = "<group>"; };
		611868AF4426567136A87BD8 /* PLAttributeConstraintVisualFormatLibSpecHelpers.m */ = {isa = PBXFileReference; fileEncoding = 4; lastKnownFileType = sourcecode.c.objc; path = PLAttributeConstraintVisualFormatLibSpecHelpers.m; sourceTree = "<group>"; };
		6118691DA33897632C77FB3A /* PLAttributeConstraintVisualFormatLibSpec.m */ = {isa = PBXFileReference; fileEncoding = 4; lastKnownFileType = sourcecode.c.objc; path = PLAttributeConstraintVisualFormatLibSpec.m; sourceTree = "<group>"; };
		611869D09A6EE4378BA20229 /* PLDemoView.h */ = {isa = PBXFileReference; fileEncoding = 4; lastKnownFileType = sourcecode.c.h; path = PLDemoView.h; sourceTree = "<group>"; };
		61186AF37AC35A5DD24A0D4C /* PLAttributeConstraintVisualFormatLexer.h */ = {isa = PBXFileReference; fileEncoding = 4; lastKnownFileType = sourcecode.c.h; path = PLAttributeConstraintVisualFormatLexer.h; sourceTree = "<group>"; };
		61186BBFD2A127049D359A3F /* PLAttributeConstraintVisualFormatLexerProtocol.h */ = {isa = PBXFileReference; fileEncoding = 4; lastKnownFileType = sourcecode.c.h; path = PLAttributeConstraintVisualFormatLexerProtocol.h; sourceTree = "<group>"; };
		61186BF296D494DA1769F06E /* guy.png */ = {isa = PBXFileReference; lastKnownFileType = image.png; path = guy.png; sourceTree = "<group>"; };
		61186CEF5A737DFAD0B7F4F1 /* PLConstraintLayoutAttributeMapper.h */ = {isa = PBXFileReference; fileEncoding = 4; lastKnownFileType = sourcecode.c.h; path = PLConstraintLayoutAttributeMapper.h; sourceTree = "<group>"; };
		61186DAA9D8872CF189834A9 /* PLAttributeConstraintVisualFormatLexerStub.h */ = {isa = PBXFileReference; fileEncoding = 4; lastKnownFileType = sourcecode.c.h; path = PLAttributeConstraintVisualFormatLexerStub.h; sourceTree = "<group>"; };
		61186E2B5452EDFD5BD658B4 /* PLAttributeConstraintVisualFormatParser.m */ = {isa = PBXFileReference; fileEncoding = 4; lastKnownFileType = sourcecode.c.objc; path = PLAttributeConstraintVisualFormatParser.m; sourceTree = "<group>"; };
		61186EE542DF90FEC6EB5A00 /* NSLayoutConstraint+PLVisualAttributeConstraints.h */ = {isa = PBXFileReference; fileEncoding = 4; lastKnownFileType = sourcecode.c.h; path = "NSLayoutConstraint+PLVisualAttributeConstraints.h"; sourceTree = "<group>"; };
		61186F17EF99C99E9AC3B308 /* PLAttributeConstraintVisualFormatAtom.m */ = {isa = PBXFileReference; fileEncoding = 4; lastKnownFileType = sourcecode.c.objc; path = PLAttributeConstraintVisualFormatAtom.m; sourceTree = "<group>"; };
		61186FD6FA4F0A1054BA4DC4 /* PLDemoView.m */ = {isa = PBXFileReference; fileEncoding = 4; lastKnownFileType = sourcecode.c.objc; path = PLDemoView.m; sourceTree = "<group>"; };
		D46546F56937402393AA7015 /* Pods-PLVisualAttributeConstraintsTests.xcconfig */ = {isa = PBXFileReference; includeInIndex = 1; lastKnownFileType = text.xcconfig; name = "Pods-PLVisualAttributeConstraintsTests.xcconfig"; path = "Pods/Pods-PLVisualAttributeConstraintsTests.xcconfig"; sourceTree = SOURCE_ROOT; };
/* End PBXFileReference section */

/* Begin PBXFrameworksBuildPhase section */
		1819E5FF17981AEC00AF37B9 /* Frameworks */ = {
			isa = PBXFrameworksBuildPhase;
			buildActionMask = 2147483647;
			files = (
				18F8DEDE179D6702008E80EB /* CoreGraphics.framework in Frameworks */,
				1819E60417981AEC00AF37B9 /* SenTestingKit.framework in Frameworks */,
				1819E60617981AEC00AF37B9 /* UIKit.framework in Frameworks */,
				1819E60517981AEC00AF37B9 /* Foundation.framework in Frameworks */,
				F319C197F98A4708A971ED22 /* libPods-PLVisualAttributeConstraintsTests.a in Frameworks */,
			);
			runOnlyForDeploymentPostprocessing = 0;
		};
		187507A5179817CB00463B60 /* Frameworks */ = {
			isa = PBXFrameworksBuildPhase;
			buildActionMask = 2147483647;
			files = (
				187507AC179817CB00463B60 /* UIKit.framework in Frameworks */,
				187507AE179817CB00463B60 /* Foundation.framework in Frameworks */,
				187507B0179817CB00463B60 /* CoreGraphics.framework in Frameworks */,
			);
			runOnlyForDeploymentPostprocessing = 0;
		};
/* End PBXFrameworksBuildPhase section */

/* Begin PBXGroup section */
		1819E60717981AEC00AF37B9 /* PLVisualAttributeConstraintsTests */ = {
			isa = PBXGroup;
			children = (
				1819E60D17981AED00AF37B9 /* PLVisualAttributeConstraintsTests.m */,
				1819E60817981AEC00AF37B9 /* Supporting Files */,
				611862783E0CF10DE06133C0 /* PLAttributeConstraintVisualFormatParserSpec.m */,
				6118691DA33897632C77FB3A /* PLAttributeConstraintVisualFormatLibSpec.m */,
				6118625739425C2FF39413C0 /* Helpers */,
				6118614CDE22B4C756927FFB /* PLAttributeConstraintVisualFormatLexerSpec.m */,
				611863DD3AD5A2E5122BF27A /* Stubs */,
			);
			path = PLVisualAttributeConstraintsTests;
			sourceTree = "<group>";
		};
		1819E60817981AEC00AF37B9 /* Supporting Files */ = {
			isa = PBXGroup;
			children = (
				1819E60917981AEC00AF37B9 /* PLVisualAttributeConstraintsTests-Info.plist */,
				1819E60A17981AED00AF37B9 /* InfoPlist.strings */,
				1819E60F17981AED00AF37B9 /* PLVisualAttributeConstraintsTests-Prefix.pch */,
			);
			name = "Supporting Files";
			sourceTree = "<group>";
		};
		1875079F179817CB00463B60 = {
			isa = PBXGroup;
			children = (
				187507B1179817CB00463B60 /* PLVisualAttributeConstraints */,
				1819E60717981AEC00AF37B9 /* PLVisualAttributeConstraintsTests */,
				187507AA179817CB00463B60 /* Frameworks */,
				187507A9179817CB00463B60 /* Products */,
				D46546F56937402393AA7015 /* Pods-PLVisualAttributeConstraintsTests.xcconfig */,
			);
			sourceTree = "<group>";
		};
		187507A9179817CB00463B60 /* Products */ = {
			isa = PBXGroup;
			children = (
				187507A8179817CB00463B60 /* PLVisualAttributeConstraints.app */,
				1819E60217981AEC00AF37B9 /* PLVisualAttributeConstraintsTests.octest */,
			);
			name = Products;
			sourceTree = "<group>";
		};
		187507AA179817CB00463B60 /* Frameworks */ = {
			isa = PBXGroup;
			children = (
				187507AB179817CB00463B60 /* UIKit.framework */,
				187507AD179817CB00463B60 /* Foundation.framework */,
				187507AF179817CB00463B60 /* CoreGraphics.framework */,
				1819E60317981AEC00AF37B9 /* SenTestingKit.framework */,
				14691F7423784F9BAC177E3B /* libPods-PLVisualAttributeConstraintsTests.a */,
			);
			name = Frameworks;
			sourceTree = "<group>";
		};
		187507B1179817CB00463B60 /* PLVisualAttributeConstraints */ = {
			isa = PBXGroup;
			children = (
				187507BA179817CC00463B60 /* PLAppDelegate.h */,
				187507BB179817CC00463B60 /* PLAppDelegate.m */,
				187507B2179817CB00463B60 /* Supporting Files */,
				611868CB7CEFC03777734D18 /* PLVisualAttributeConstraints */,
				61186AB6AAFBB408A9484CCE /* Demo */,
			);
			path = PLVisualAttributeConstraints;
			sourceTree = "<group>";
		};
		187507B2179817CB00463B60 /* Supporting Files */ = {
			isa = PBXGroup;
			children = (
				187507B3179817CB00463B60 /* PLVisualAttributeConstraints-Info.plist */,
				187507B4179817CC00463B60 /* InfoPlist.strings */,
				187507B7179817CC00463B60 /* main.m */,
				187507B9179817CC00463B60 /* PLVisualAttributeConstraints-Prefix.pch */,
				187507BD179817CC00463B60 /* Default.png */,
				187507BF179817CC00463B60 /* Default@2x.png */,
				187507C1179817CC00463B60 /* Default-568h@2x.png */,
			);
			name = "Supporting Files";
			sourceTree = "<group>";
		};
		6118625739425C2FF39413C0 /* Helpers */ = {
			isa = PBXGroup;
			children = (
				6118620889A964A8C22C69DE /* PLAttributeConstraintVisualFormatLibSpecHelpers.h */,
				611868AF4426567136A87BD8 /* PLAttributeConstraintVisualFormatLibSpecHelpers.m */,
				611863D0542D824FFEEA3EA8 /* PLAttributeConstraintVisualFormatLexerSpecHelpers.h */,
				61186469404B727B19CE9B9A /* PLAttributeConstraintVisualFormatLexerSpecHelpers.m */,
			);
			path = Helpers;
			sourceTree = "<group>";
		};
		611863DD3AD5A2E5122BF27A /* Stubs */ = {
			isa = PBXGroup;
			children = (
				61186DAA9D8872CF189834A9 /* PLAttributeConstraintVisualFormatLexerStub.h */,
				6118689472BBEED88CE4CDB9 /* PLAttributeConstraintVisualFormatLexerStub.m */,
			);
			path = Stubs;
			sourceTree = "<group>";
		};
		611867E387FF1CF64FD95F90 /* Parsing */ = {
			isa = PBXGroup;
			children = (
				61186CEF5A737DFAD0B7F4F1 /* PLConstraintLayoutAttributeMapper.h */,
				611868A1CDD645EA87D7683F /* PLConstraintLayoutAttributeMapper.m */,
				611868320DDE6A6E2203622D /* PLAttributeConstraintVisualFormatAtom.h */,
				61186F17EF99C99E9AC3B308 /* PLAttributeConstraintVisualFormatAtom.m */,
				61186AF37AC35A5DD24A0D4C /* PLAttributeConstraintVisualFormatLexer.h */,
				6118651854C307DE26451D2C /* PLAttributeConstraintVisualFormatLexer.m */,
				6118628F76B3AE4BDEBD2C99 /* PLAttributeConstraintVisualFormatParser.h */,
				61186E2B5452EDFD5BD658B4 /* PLAttributeConstraintVisualFormatParser.m */,
				61186BBFD2A127049D359A3F /* PLAttributeConstraintVisualFormatLexerProtocol.h */,
			);
			path = Parsing;
			sourceTree = "<group>";
		};
		611868CB7CEFC03777734D18 /* PLVisualAttributeConstraints */ = {
			isa = PBXGroup;
			children = (
				61186EEE2A2F9B10A9943E72 /* Internal */,
				61186EE542DF90FEC6EB5A00 /* NSLayoutConstraint+PLVisualAttributeConstraints.h */,
				6118670AE8B3944480A8A542 /* NSLayoutConstraint+PLVisualAttributeConstraints.m */,
			);
			path = PLVisualAttributeConstraints;
			sourceTree = "<group>";
		};
		61186AB6AAFBB408A9484CCE /* Demo */ = {
			isa = PBXGroup;
			children = (
				61186BF296D494DA1769F06E /* guy.png */,
				6118607F0A996255199584AE /* PLDemoViewController.m */,
				611869D09A6EE4378BA20229 /* PLDemoView.h */,
				61186FD6FA4F0A1054BA4DC4 /* PLDemoView.m */,
				611864B7090FBE4608D6397C /* PLDemoViewController.h */,
			);
			path = Demo;
			sourceTree = "<group>";
		};
		61186EEE2A2F9B10A9943E72 /* Internal */ = {
			isa = PBXGroup;
			children = (
				611867E387FF1CF64FD95F90 /* Parsing */,
			);
			path = Internal;
			sourceTree = "<group>";
		};
/* End PBXGroup section */

/* Begin PBXNativeTarget section */
		1819E60117981AEC00AF37B9 /* PLVisualAttributeConstraintsTests */ = {
			isa = PBXNativeTarget;
			buildConfigurationList = 1819E61417981AED00AF37B9 /* Build configuration list for PBXNativeTarget "PLVisualAttributeConstraintsTests" */;
			buildPhases = (
				E5ED0FAD185248CCBF86827F /* Check Pods Manifest.lock */,
				1819E5FE17981AEC00AF37B9 /* Sources */,
				1819E5FF17981AEC00AF37B9 /* Frameworks */,
				1819E60017981AEC00AF37B9 /* Resources */,
				C52804C267FB43F5B0D04F3E /* Copy Pods Resources */,
			);
			buildRules = (
			);
			dependencies = (
				1819E61117981AED00AF37B9 /* PBXTargetDependency */,
			);
			name = PLVisualAttributeConstraintsTests;
			productName = PLVisualAttributeConstraintsTests;
			productReference = 1819E60217981AEC00AF37B9 /* PLVisualAttributeConstraintsTests.octest */;
			productType = "com.apple.product-type.bundle";
		};
		187507A7179817CB00463B60 /* PLVisualAttributeConstraints */ = {
			isa = PBXNativeTarget;
			buildConfigurationList = 187507C5179817CC00463B60 /* Build configuration list for PBXNativeTarget "PLVisualAttributeConstraints" */;
			buildPhases = (
				187507A4179817CB00463B60 /* Sources */,
				187507A5179817CB00463B60 /* Frameworks */,
				187507A6179817CB00463B60 /* Resources */,
			);
			buildRules = (
			);
			dependencies = (
			);
			name = PLVisualAttributeConstraints;
			productName = PLVisualAttributeConstraints;
			productReference = 187507A8179817CB00463B60 /* PLVisualAttributeConstraints.app */;
			productType = "com.apple.product-type.application";
		};
/* End PBXNativeTarget section */

/* Begin PBXProject section */
		187507A0179817CB00463B60 /* Project object */ = {
			isa = PBXProject;
			attributes = {
				CLASSPREFIX = PL;
				LastUpgradeCheck = 0460;
				ORGANIZATIONNAME = Polidea;
				TargetAttributes = {
					1819E60117981AEC00AF37B9 = {
						TestTargetID = 187507A7179817CB00463B60 /* PLVisualAttributeConstraints */;
					};
				};
			};
			buildConfigurationList = 187507A3179817CB00463B60 /* Build configuration list for PBXProject "PLVisualAttributeConstraints" */;
			compatibilityVersion = "Xcode 3.2";
			developmentRegion = English;
			hasScannedForEncodings = 0;
			knownRegions = (
				en,
			);
			mainGroup = 1875079F179817CB00463B60;
			productRefGroup = 187507A9179817CB00463B60 /* Products */;
			projectDirPath = "";
			projectRoot = "";
			targets = (
				187507A7179817CB00463B60 /* PLVisualAttributeConstraints */,
				1819E60117981AEC00AF37B9 /* PLVisualAttributeConstraintsTests */,
			);
		};
/* End PBXProject section */

/* Begin PBXResourcesBuildPhase section */
		1819E60017981AEC00AF37B9 /* Resources */ = {
			isa = PBXResourcesBuildPhase;
			buildActionMask = 2147483647;
			files = (
				1819E60C17981AED00AF37B9 /* InfoPlist.strings in Resources */,
			);
			runOnlyForDeploymentPostprocessing = 0;
		};
		187507A6179817CB00463B60 /* Resources */ = {
			isa = PBXResourcesBuildPhase;
			buildActionMask = 2147483647;
			files = (
				187507B6179817CC00463B60 /* InfoPlist.strings in Resources */,
				187507BE179817CC00463B60 /* Default.png in Resources */,
				187507C0179817CC00463B60 /* Default@2x.png in Resources */,
				187507C2179817CC00463B60 /* Default-568h@2x.png in Resources */,
				611865C62EBC16D484C3277F /* guy.png in Resources */,
			);
			runOnlyForDeploymentPostprocessing = 0;
		};
/* End PBXResourcesBuildPhase section */

/* Begin PBXShellScriptBuildPhase section */
		C52804C267FB43F5B0D04F3E /* Copy Pods Resources */ = {
			isa = PBXShellScriptBuildPhase;
			buildActionMask = 2147483647;
			files = (
			);
			inputPaths = (
			);
			name = "Copy Pods Resources";
			outputPaths = (
			);
			runOnlyForDeploymentPostprocessing = 0;
			shellPath = /bin/sh;
			shellScript = "\"${SRCROOT}/Pods/Pods-PLVisualAttributeConstraintsTests-resources.sh\"\n";
			showEnvVarsInLog = 0;
		};
		E5ED0FAD185248CCBF86827F /* Check Pods Manifest.lock */ = {
			isa = PBXShellScriptBuildPhase;
			buildActionMask = 2147483647;
			files = (
			);
			inputPaths = (
			);
			name = "Check Pods Manifest.lock";
			outputPaths = (
			);
			runOnlyForDeploymentPostprocessing = 0;
			shellPath = /bin/sh;
			shellScript = "diff \"${PODS_ROOT}/../Podfile.lock\" \"${PODS_ROOT}/Manifest.lock\" > /dev/null\nif [[ $? != 0 ]] ; then\n    cat << EOM\nerror: The sandbox is not in sync with the Podfile.lock. Run 'pod install' or update your CocoaPods installation.\nEOM\n    exit 1\nfi\n";
			showEnvVarsInLog = 0;
		};
/* End PBXShellScriptBuildPhase section */

/* Begin PBXSourcesBuildPhase section */
		1819E5FE17981AEC00AF37B9 /* Sources */ = {
			isa = PBXSourcesBuildPhase;
			buildActionMask = 2147483647;
			files = (
				1819E60E17981AED00AF37B9 /* PLVisualAttributeConstraintsTests.m in Sources */,
				611864511F588104396599DB /* PLAttributeConstraintVisualFormatParserSpec.m in Sources */,
				6118662A2FB548A6BE60C7F9 /* PLAttributeConstraintVisualFormatLibSpec.m in Sources */,
				611866B0710CB360AE037DBB /* PLAttributeConstraintVisualFormatLibSpecHelpers.m in Sources */,
				61186AA928350DAF7C52B35C /* PLAttributeConstraintVisualFormatLexerSpecHelpers.m in Sources */,
				611863EF25E4E1AFA0293E6B /* PLAttributeConstraintVisualFormatLexerSpec.m in Sources */,
				61186E70328BDB75B2DFCCD9 /* PLAttributeConstraintVisualFormatLexerStub.m in Sources */,
			);
			runOnlyForDeploymentPostprocessing = 0;
		};
		187507A4179817CB00463B60 /* Sources */ = {
			isa = PBXSourcesBuildPhase;
			buildActionMask = 2147483647;
			files = (
				187507B8179817CC00463B60 /* main.m in Sources */,
				187507BC179817CC00463B60 /* PLAppDelegate.m in Sources */,
				61186492C1DC11ADDAAC449C /* PLConstraintLayoutAttributeMapper.m in Sources */,
				61186F2805ABD2778EEC6A30 /* PLAttributeConstraintVisualFormatAtom.m in Sources */,
				61186D7906FB7C4712720270 /* PLAttributeConstraintVisualFormatLexer.m in Sources */,
				61186128ABC267F2A6C10003 /* PLAttributeConstraintVisualFormatParser.m in Sources */,
				611869F38490CC8EC57CB1FB /* NSLayoutConstraint+PLVisualAttributeConstraints.m in Sources */,
				6118665960EF3D6E0B0E5CB2 /* PLDemoViewController.m in Sources */,
				611860F1739E56902F1A8EA1 /* PLDemoView.m in Sources */,
			);
			runOnlyForDeploymentPostprocessing = 0;
		};
/* End PBXSourcesBuildPhase section */

/* Begin PBXTargetDependency section */
		1819E61117981AED00AF37B9 /* PBXTargetDependency */ = {
			isa = PBXTargetDependency;
			target = 187507A7179817CB00463B60 /* PLVisualAttributeConstraints */;
			targetProxy = 1819E61017981AED00AF37B9 /* PBXContainerItemProxy */;
		};
/* End PBXTargetDependency section */

/* Begin PBXVariantGroup section */
		1819E60A17981AED00AF37B9 /* InfoPlist.strings */ = {
			isa = PBXVariantGroup;
			children = (
				1819E60B17981AED00AF37B9 /* en */,
			);
			name = InfoPlist.strings;
			sourceTree = "<group>";
		};
		187507B4179817CC00463B60 /* InfoPlist.strings */ = {
			isa = PBXVariantGroup;
			children = (
				187507B5179817CC00463B60 /* en */,
			);
			name = InfoPlist.strings;
			sourceTree = "<group>";
		};
/* End PBXVariantGroup section */

/* Begin XCBuildConfiguration section */
		1819E61217981AED00AF37B9 /* Debug */ = {
			isa = XCBuildConfiguration;
			baseConfigurationReference = D46546F56937402393AA7015 /* Pods-PLVisualAttributeConstraintsTests.xcconfig */;
			buildSettings = {
				BUNDLE_LOADER = "$(BUILT_PRODUCTS_DIR)/PLVisualAttributeConstraints.app/PLVisualAttributeConstraints";
				CLANG_ENABLE_MODULES = YES;
				CLANG_WARN_BOOL_CONVERSION = YES;
				CLANG_WARN_DIRECT_OBJC_ISA_USAGE = YES_ERROR;
				CLANG_WARN_OBJC_ROOT_CLASS = YES_ERROR;
				FRAMEWORK_SEARCH_PATHS = (
					"$(SDKROOT)/Developer/Library/Frameworks",
					"$(inherited)",
					"$(SYSTEM_APPS_DIR)/Xcode5-DP3.app/Contents/Developer/Library/Frameworks",
				);
				GCC_PRECOMPILE_PREFIX_HEADER = YES;
				GCC_PREFIX_HEADER = "PLVisualAttributeConstraintsTests/PLVisualAttributeConstraintsTests-Prefix.pch";
				GCC_PREPROCESSOR_DEFINITIONS = (
					"DEBUG=1",
					"$(inherited)",
				);
				GCC_WARN_ABOUT_RETURN_TYPE = YES_ERROR;
				GCC_WARN_UNDECLARED_SELECTOR = YES;
				GCC_WARN_UNUSED_FUNCTION = YES;
				INFOPLIST_FILE = "PLVisualAttributeConstraintsTests/PLVisualAttributeConstraintsTests-Info.plist";
				IPHONEOS_DEPLOYMENT_TARGET = 6.0;
				PRODUCT_NAME = "$(TARGET_NAME)";
				TEST_HOST = "$(BUNDLE_LOADER)";
				WRAPPER_EXTENSION = octest;
			};
			name = Debug;
		};
		1819E61317981AED00AF37B9 /* Release */ = {
			isa = XCBuildConfiguration;
			baseConfigurationReference = D46546F56937402393AA7015 /* Pods-PLVisualAttributeConstraintsTests.xcconfig */;
			buildSettings = {
				BUNDLE_LOADER = "$(BUILT_PRODUCTS_DIR)/PLVisualAttributeConstraints.app/PLVisualAttributeConstraints";
				CLANG_ENABLE_MODULES = YES;
				CLANG_WARN_BOOL_CONVERSION = YES;
				CLANG_WARN_DIRECT_OBJC_ISA_USAGE = YES_ERROR;
				CLANG_WARN_OBJC_ROOT_CLASS = YES_ERROR;
				ENABLE_NS_ASSERTIONS = NO;
				FRAMEWORK_SEARCH_PATHS = (
					"$(SDKROOT)/Developer/Library/Frameworks",
					"$(inherited)",
					"$(SYSTEM_APPS_DIR)/Xcode5-DP3.app/Contents/Developer/Library/Frameworks",
				);
				GCC_PRECOMPILE_PREFIX_HEADER = YES;
				GCC_PREFIX_HEADER = "PLVisualAttributeConstraintsTests/PLVisualAttributeConstraintsTests-Prefix.pch";
				GCC_WARN_ABOUT_RETURN_TYPE = YES_ERROR;
				GCC_WARN_UNDECLARED_SELECTOR = YES;
				GCC_WARN_UNUSED_FUNCTION = YES;
				INFOPLIST_FILE = "PLVisualAttributeConstraintsTests/PLVisualAttributeConstraintsTests-Info.plist";
				IPHONEOS_DEPLOYMENT_TARGET = 6.0;
				PRODUCT_NAME = "$(TARGET_NAME)";
				TEST_HOST = "$(BUNDLE_LOADER)";
				WRAPPER_EXTENSION = octest;
			};
			name = Release;
		};
		187507C3179817CC00463B60 /* Debug */ = {
			isa = XCBuildConfiguration;
			buildSettings = {
				ALWAYS_SEARCH_USER_PATHS = NO;
				CLANG_CXX_LANGUAGE_STANDARD = "gnu++0x";
				CLANG_CXX_LIBRARY = "libc++";
				CLANG_ENABLE_OBJC_ARC = YES;
				CLANG_WARN_CONSTANT_CONVERSION = YES;
				CLANG_WARN_EMPTY_BODY = YES;
				CLANG_WARN_ENUM_CONVERSION = YES;
				CLANG_WARN_INT_CONVERSION = YES;
				CLANG_WARN__DUPLICATE_METHOD_MATCH = YES;
				"CODE_SIGN_IDENTITY[sdk=iphoneos*]" = "iPhone Developer";
				COPY_PHASE_STRIP = NO;
				GCC_C_LANGUAGE_STANDARD = gnu99;
				GCC_DYNAMIC_NO_PIC = NO;
				GCC_OPTIMIZATION_LEVEL = 0;
				GCC_PREPROCESSOR_DEFINITIONS = (
					"DEBUG=1",
					"$(inherited)",
				);
				GCC_SYMBOLS_PRIVATE_EXTERN = NO;
				GCC_WARN_ABOUT_RETURN_TYPE = YES;
				GCC_WARN_UNINITIALIZED_AUTOS = YES;
				GCC_WARN_UNUSED_VARIABLE = YES;
				IPHONEOS_DEPLOYMENT_TARGET = 6.0;
				ONLY_ACTIVE_ARCH = YES;
				SDKROOT = iphoneos;
			};
			name = Debug;
		};
		187507C4179817CC00463B60 /* Release */ = {
			isa = XCBuildConfiguration;
			buildSettings = {
				ALWAYS_SEARCH_USER_PATHS = NO;
				CLANG_CXX_LANGUAGE_STANDARD = "gnu++0x";
				CLANG_CXX_LIBRARY = "libc++";
				CLANG_ENABLE_OBJC_ARC = YES;
				CLANG_WARN_CONSTANT_CONVERSION = YES;
				CLANG_WARN_EMPTY_BODY = YES;
				CLANG_WARN_ENUM_CONVERSION = YES;
				CLANG_WARN_INT_CONVERSION = YES;
				CLANG_WARN__DUPLICATE_METHOD_MATCH = YES;
				"CODE_SIGN_IDENTITY[sdk=iphoneos*]" = "iPhone Developer";
				COPY_PHASE_STRIP = YES;
				GCC_C_LANGUAGE_STANDARD = gnu99;
				GCC_WARN_ABOUT_RETURN_TYPE = YES;
				GCC_WARN_UNINITIALIZED_AUTOS = YES;
				GCC_WARN_UNUSED_VARIABLE = YES;
				IPHONEOS_DEPLOYMENT_TARGET = 6.0;
				OTHER_CFLAGS = "-DNS_BLOCK_ASSERTIONS=1";
				SDKROOT = iphoneos;
				VALIDATE_PRODUCT = YES;
			};
			name = Release;
		};
		187507C6179817CC00463B60 /* Debug */ = {
			isa = XCBuildConfiguration;
			buildSettings = {
				GCC_PRECOMPILE_PREFIX_HEADER = YES;
				GCC_PREFIX_HEADER = "PLVisualAttributeConstraints/PLVisualAttributeConstraints-Prefix.pch";
				INFOPLIST_FILE = "PLVisualAttributeConstraints/PLVisualAttributeConstraints-Info.plist";
				IPHONEOS_DEPLOYMENT_TARGET = 6.0;
				PRODUCT_NAME = "$(TARGET_NAME)";
				WRAPPER_EXTENSION = app;
			};
			name = Debug;
		};
		187507C7179817CC00463B60 /* Release */ = {
			isa = XCBuildConfiguration;
			buildSettings = {
				GCC_PRECOMPILE_PREFIX_HEADER = YES;
				GCC_PREFIX_HEADER = "PLVisualAttributeConstraints/PLVisualAttributeConstraints-Prefix.pch";
				INFOPLIST_FILE = "PLVisualAttributeConstraints/PLVisualAttributeConstraints-Info.plist";
				IPHONEOS_DEPLOYMENT_TARGET = 6.0;
				PRODUCT_NAME = "$(TARGET_NAME)";
				WRAPPER_EXTENSION = app;
			};
			name = Release;
		};
/* End XCBuildConfiguration section */

/* Begin XCConfigurationList section */
		1819E61417981AED00AF37B9 /* Build configuration list for PBXNativeTarget "PLVisualAttributeConstraintsTests" */ = {
			isa = XCConfigurationList;
			buildConfigurations = (
				1819E61217981AED00AF37B9 /* Debug */,
				1819E61317981AED00AF37B9 /* Release */,
			);
			defaultConfigurationIsVisible = 0;
			defaultConfigurationName = Release;
		};
		187507A3179817CB00463B60 /* Build configuration list for PBXProject "PLVisualAttributeConstraints" */ = {
			isa = XCConfigurationList;
			buildConfigurations = (
				187507C3179817CC00463B60 /* Debug */,
				187507C4179817CC00463B60 /* Release */,
			);
			defaultConfigurationIsVisible = 0;
			defaultConfigurationName = Release;
		};
		187507C5179817CC00463B60 /* Build configuration list for PBXNativeTarget "PLVisualAttributeConstraints" */ = {
			isa = XCConfigurationList;
			buildConfigurations = (
				187507C6179817CC00463B60 /* Debug */,
				187507C7179817CC00463B60 /* Release */,
			);
			defaultConfigurationIsVisible = 0;
			defaultConfigurationName = Release;
		};
/* End XCConfigurationList section */
	};
	rootObject = 187507A0179817CB00463B60 /* Project object */;
}
